
Microsoft Visual Studio Solution File, Format Version 12.00
# Visual Studio Version 16
VisualStudioVersion = 25.0.1704.2
MinimumVisualStudioVersion = 10.0.40219.1
Project("{FAE04EC0-301F-11D3-BF4B-00C04F79EFBC}") = "AdvanceCsharp", "AdvanceCsharp\AdvanceCsharp.csproj", "{E7D16DFB-5410-41E4-9509-009C0C8D2255}"
EndProject
Project("{FAE04EC0-301F-11D3-BF4B-00C04F79EFBC}") = "ExtensionMethods", "ExtensionMethods\ExtensionMethods.csproj", "{0AA97AEC-47AB-47B2-8E68-72CE810F8280}"
EndProject
Global
	GlobalSection(SolutionConfigurationPlatforms) = preSolution
		Debug|Any CPU = Debug|Any CPU
		Release|Any CPU = Release|Any CPU
	EndGlobalSection
	GlobalSection(ProjectConfigurationPlatforms) = postSolution
		{E7D16DFB-5410-41E4-9509-009C0C8D2255}.Debug|Any CPU.ActiveCfg = Debug|Any CPU
		{E7D16DFB-5410-41E4-9509-009C0C8D2255}.Debug|Any CPU.Build.0 = Debug|Any CPU
		{E7D16DFB-5410-41E4-9509-009C0C8D2255}.Release|Any CPU.ActiveCfg = Release|Any CPU
		{E7D16DFB-5410-41E4-9509-009C0C8D2255}.Release|Any CPU.Build.0 = Release|Any CPU
		{0AA97AEC-47AB-47B2-8E68-72CE810F8280}.Debug|Any CPU.ActiveCfg = Debug|Any CPU
		{0AA97AEC-47AB-47B2-8E68-72CE810F8280}.Debug|Any CPU.Build.0 = Debug|Any CPU
		{0AA97AEC-47AB-47B2-8E68-72CE810F8280}.Release|Any CPU.ActiveCfg = Release|Any CPU
		{0AA97AEC-47AB-47B2-8E68-72CE810F8280}.Release|Any CPU.Build.0 = Release|Any CPU
	EndGlobalSection
	GlobalSection(SolutionProperties) = preSolution
		HideSolutionNode = FALSE
	EndGlobalSection
	GlobalSection(ExtensibilityGlobals) = postSolution
		SolutionGuid = {7C3A4D4A-C211-4DAD-8AFA-A16C3932CB7B}
	EndGlobalSection
EndGlobal
